<Solution>
  <Folder Name="/src/">
    <Project Path="src/QuantityMeasurement.Tests/QuantityMeasurement.Tests.csproj" />
    <Project Path="src/QuantityMeasurementWebApi/QuantityMeasurementWebApi.csproj" />
  </Folder>
  <Project Path="QuantityMeasurementWebApi/QuantityMeasurementWebApi.csproj" />
  <Project Path="src/BusinessLayer/BusinessLayer.csproj" />
  <Project Path="src/ModelLayer/ModelLayer.csproj" />
  <Project Path="src/QuantityMeasurementDomain/QuantityMeasurementDomain.csproj" />
  <Project Path="src/QuantityMeasurementApp/QuantityMeasurementApp.csproj" />
  <Project Path="src/RepositoryLayer/RepositoryLayer.csproj" />
  <Project Path="test/QuantityMeasurementApp.Tests/QuantityMeasurementApp.Tests.csproj" />
</Solution>
